// !$*UTF8*$!
{
	archiveVersion = 1;
	classes = {
	};
	objectVersion = 46;
	objects = {

/* Begin PBXBuildFile section */
		268995301BBE7C6C005122D1 /* ParseDataSource.m in Sources */ = {isa = PBXBuildFile; fileRef = 2689952F1BBE7C6C005122D1 /* ParseDataSource.m */; settings = {ASSET_TAGS = (); }; };
		268995381BBE911C005122D1 /* BaseCollectionViewController.m in Sources */ = {isa = PBXBuildFile; fileRef = 268995351BBE911C005122D1 /* BaseCollectionViewController.m */; settings = {ASSET_TAGS = (); }; };
		268995391BBE911C005122D1 /* BaseTableViewController.m in Sources */ = {isa = PBXBuildFile; fileRef = 268995371BBE911C005122D1 /* BaseTableViewController.m */; settings = {ASSET_TAGS = (); }; };
		26EF7DEF1BBA95E60017D02E /* main.m in Sources */ = {isa = PBXBuildFile; fileRef = 26EF7DEE1BBA95E60017D02E /* main.m */; };
		26EF7DF21BBA95E60017D02E /* AppDelegate.m in Sources */ = {isa = PBXBuildFile; fileRef = 26EF7DF11BBA95E60017D02E /* AppDelegate.m */; };
		26EF7DF81BBA95E60017D02E /* Main.storyboard in Resources */ = {isa = PBXBuildFile; fileRef = 26EF7DF61BBA95E60017D02E /* Main.storyboard */; };
		26EF7DFA1BBA95E60017D02E /* Assets.xcassets in Resources */ = {isa = PBXBuildFile; fileRef = 26EF7DF91BBA95E60017D02E /* Assets.xcassets */; };
		26EF7DFD1BBA95E60017D02E /* LaunchScreen.storyboard in Resources */ = {isa = PBXBuildFile; fileRef = 26EF7DFB1BBA95E60017D02E /* LaunchScreen.storyboard */; };
		26EF7E081BBA95E60017D02E /* SimpleChatTests.m in Sources */ = {isa = PBXBuildFile; fileRef = 26EF7E071BBA95E60017D02E /* SimpleChatTests.m */; };
		26EF7E131BBA95E60017D02E /* SimpleChatUITests.m in Sources */ = {isa = PBXBuildFile; fileRef = 26EF7E121BBA95E60017D02E /* SimpleChatUITests.m */; };
		26EF7E231BBA993B0017D02E /* Warnings.xcconfig in Resources */ = {isa = PBXBuildFile; fileRef = 26EF7E221BBA993B0017D02E /* Warnings.xcconfig */; settings = {ASSET_TAGS = (); }; };
		26EF7E2A1BBABA530017D02E /* Parse.framework in Frameworks */ = {isa = PBXBuildFile; fileRef = 26EF7E291BBABA530017D02E /* Parse.framework */; settings = {ASSET_TAGS = (); }; };
		26EF7E2C1BBABA9B0017D02E /* Bolts.framework in Frameworks */ = {isa = PBXBuildFile; fileRef = 26EF7E2B1BBABA9B0017D02E /* Bolts.framework */; settings = {ASSET_TAGS = (); }; };
		26EF7E2E1BBABB860017D02E /* AudioToolbox.framework in Frameworks */ = {isa = PBXBuildFile; fileRef = 26EF7E2D1BBABB860017D02E /* AudioToolbox.framework */; };
		26EF7E301BBABB8E0017D02E /* CFNetwork.framework in Frameworks */ = {isa = PBXBuildFile; fileRef = 26EF7E2F1BBABB8E0017D02E /* CFNetwork.framework */; };
		26EF7E321BBABB950017D02E /* CoreGraphics.framework in Frameworks */ = {isa = PBXBuildFile; fileRef = 26EF7E311BBABB950017D02E /* CoreGraphics.framework */; };
		26EF7E341BBABB9C0017D02E /* CoreLocation.framework in Frameworks */ = {isa = PBXBuildFile; fileRef = 26EF7E331BBABB9C0017D02E /* CoreLocation.framework */; };
		26EF7E361BBABBA30017D02E /* QuartzCore.framework in Frameworks */ = {isa = PBXBuildFile; fileRef = 26EF7E351BBABBA30017D02E /* QuartzCore.framework */; };
		26EF7E381BBABBAA0017D02E /* Security.framework in Frameworks */ = {isa = PBXBuildFile; fileRef = 26EF7E371BBABBAA0017D02E /* Security.framework */; };
		26EF7E3A1BBABBB20017D02E /* StoreKit.framework in Frameworks */ = {isa = PBXBuildFile; fileRef = 26EF7E391BBABBB20017D02E /* StoreKit.framework */; };
		26EF7E3C1BBABBB80017D02E /* SystemConfiguration.framework in Frameworks */ = {isa = PBXBuildFile; fileRef = 26EF7E3B1BBABBB80017D02E /* SystemConfiguration.framework */; };
		26EF7E3E1BBABBC70017D02E /* libz.tbd in Frameworks */ = {isa = PBXBuildFile; fileRef = 26EF7E3D1BBABBC70017D02E /* libz.tbd */; };
		26EF7E401BBABBD30017D02E /* libsqlite3.tbd in Frameworks */ = {isa = PBXBuildFile; fileRef = 26EF7E3F1BBABBD30017D02E /* libsqlite3.tbd */; };
		26EF7E441BBABC9A0017D02E /* SimpleChatAssembly.m in Sources */ = {isa = PBXBuildFile; fileRef = 26EF7E431BBABC9A0017D02E /* SimpleChatAssembly.m */; settings = {ASSET_TAGS = (); }; };
		26EF7E491BBABCEA0017D02E /* ChatMessage.m in Sources */ = {isa = PBXBuildFile; fileRef = 26EF7E481BBABCEA0017D02E /* ChatMessage.m */; settings = {ASSET_TAGS = (); }; };
		26EF7E4B1BBABDF60017D02E /* Typhoon.framework in Frameworks */ = {isa = PBXBuildFile; fileRef = 26EF7E4A1BBABDF60017D02E /* Typhoon.framework */; };
		26EF7E4F1BBABE520017D02E /* Typhoon.framework.dSYM in CopyFiles */ = {isa = PBXBuildFile; fileRef = 26EF7E4E1BBABE520017D02E /* Typhoon.framework.dSYM */; };
		26EF7E531BBAC7800017D02E /* ChatTableViewController.m in Sources */ = {isa = PBXBuildFile; fileRef = 26EF7E521BBAC7800017D02E /* ChatTableViewController.m */; settings = {ASSET_TAGS = (); }; };
		26EF7E561BBAC85B0017D02E /* ChatManager.m in Sources */ = {isa = PBXBuildFile; fileRef = 26EF7E551BBAC85B0017D02E /* ChatManager.m */; settings = {ASSET_TAGS = (); }; };
		26EF7E5A1BBAC8C70017D02E /* ChatTableViewCell.m in Sources */ = {isa = PBXBuildFile; fileRef = 26EF7E591BBAC8C70017D02E /* ChatTableViewCell.m */; settings = {ASSET_TAGS = (); }; };
		26EF7E5D1BBAD2840017D02E /* MessageController.m in Sources */ = {isa = PBXBuildFile; fileRef = 26EF7E5C1BBAD2840017D02E /* MessageController.m */; settings = {ASSET_TAGS = (); }; };
/* End PBXBuildFile section */

/* Begin PBXContainerItemProxy section */
		26EF7E041BBA95E60017D02E /* PBXContainerItemProxy */ = {
			isa = PBXContainerItemProxy;
			containerPortal = 26EF7DE21BBA95E60017D02E /* Project object */;
			proxyType = 1;
			remoteGlobalIDString = 26EF7DE91BBA95E60017D02E;
			remoteInfo = SimpleChat;
		};
		26EF7E0F1BBA95E60017D02E /* PBXContainerItemProxy */ = {
			isa = PBXContainerItemProxy;
			containerPortal = 26EF7DE21BBA95E60017D02E /* Project object */;
			proxyType = 1;
			remoteGlobalIDString = 26EF7DE91BBA95E60017D02E;
			remoteInfo = SimpleChat;
		};
/* End PBXContainerItemProxy section */

/* Begin PBXCopyFilesBuildPhase section */
		26EF7E4D1BBABE350017D02E /* CopyFiles */ = {
			isa = PBXCopyFilesBuildPhase;
			buildActionMask = 2147483647;
			dstPath = "";
			dstSubfolderSpec = 16;
			files = (
				26EF7E4F1BBABE520017D02E /* Typhoon.framework.dSYM in CopyFiles */,
			);
			runOnlyForDeploymentPostprocessing = 0;
		};
/* End PBXCopyFilesBuildPhase section */

/* Begin PBXFileReference section */
		2689952E1BBE7C6C005122D1 /* ParseDataSource.h */ = {isa = PBXFileReference; fileEncoding = 4; lastKnownFileType = sourcecode.c.h; path = ParseDataSource.h; sourceTree = "<group>"; };
		2689952F1BBE7C6C005122D1 /* ParseDataSource.m */ = {isa = PBXFileReference; fileEncoding = 4; lastKnownFileType = sourcecode.c.objc; path = ParseDataSource.m; sourceTree = "<group>"; };
		268995311BBE7C9F005122D1 /* RemoteDataSource.h */ = {isa = PBXFileReference; fileEncoding = 4; lastKnownFileType = sourcecode.c.h; path = RemoteDataSource.h; sourceTree = "<group>"; };
		268995341BBE911C005122D1 /* BaseCollectionViewController.h */ = {isa = PBXFileReference; fileEncoding = 4; lastKnownFileType = sourcecode.c.h; path = BaseCollectionViewController.h; sourceTree = "<group>"; };
		268995351BBE911C005122D1 /* BaseCollectionViewController.m */ = {isa = PBXFileReference; fileEncoding = 4; lastKnownFileType = sourcecode.c.objc; path = BaseCollectionViewController.m; sourceTree = "<group>"; };
		268995361BBE911C005122D1 /* BaseTableViewController.h */ = {isa = PBXFileReference; fileEncoding = 4; lastKnownFileType = sourcecode.c.h; path = BaseTableViewController.h; sourceTree = "<group>"; };
		268995371BBE911C005122D1 /* BaseTableViewController.m */ = {isa = PBXFileReference; fileEncoding = 4; lastKnownFileType = sourcecode.c.objc; path = BaseTableViewController.m; sourceTree = "<group>"; };
		26E9BEBD1BBD2F07005F1F9B /* PrivateData.h */ = {isa = PBXFileReference; lastKnownFileType = sourcecode.c.h; path = PrivateData.h; sourceTree = "<group>"; };
		26EF7DEA1BBA95E60017D02E /* SimpleChat.app */ = {isa = PBXFileReference; explicitFileType = wrapper.application; includeInIndex = 0; path = SimpleChat.app; sourceTree = BUILT_PRODUCTS_DIR; };
		26EF7DEE1BBA95E60017D02E /* main.m */ = {isa = PBXFileReference; lastKnownFileType = sourcecode.c.objc; path = main.m; sourceTree = "<group>"; };
		26EF7DF01BBA95E60017D02E /* AppDelegate.h */ = {isa = PBXFileReference; lastKnownFileType = sourcecode.c.h; path = AppDelegate.h; sourceTree = "<group>"; };
		26EF7DF11BBA95E60017D02E /* AppDelegate.m */ = {isa = PBXFileReference; lastKnownFileType = sourcecode.c.objc; path = AppDelegate.m; sourceTree = "<group>"; };
		26EF7DF71BBA95E60017D02E /* Base */ = {isa = PBXFileReference; lastKnownFileType = file.storyboard; name = Base; path = Base.lproj/Main.storyboard; sourceTree = "<group>"; };
		26EF7DF91BBA95E60017D02E /* Assets.xcassets */ = {isa = PBXFileReference; lastKnownFileType = folder.assetcatalog; path = Assets.xcassets; sourceTree = "<group>"; };
		26EF7DFC1BBA95E60017D02E /* Base */ = {isa = PBXFileReference; lastKnownFileType = file.storyboard; name = Base; path = Base.lproj/LaunchScreen.storyboard; sourceTree = "<group>"; };
		26EF7DFE1BBA95E60017D02E /* Info.plist */ = {isa = PBXFileReference; lastKnownFileType = text.plist.xml; path = Info.plist; sourceTree = "<group>"; };
		26EF7E031BBA95E60017D02E /* SimpleChatTests.xctest */ = {isa = PBXFileReference; explicitFileType = wrapper.cfbundle; includeInIndex = 0; path = SimpleChatTests.xctest; sourceTree = BUILT_PRODUCTS_DIR; };
		26EF7E071BBA95E60017D02E /* SimpleChatTests.m */ = {isa = PBXFileReference; lastKnownFileType = sourcecode.c.objc; path = SimpleChatTests.m; sourceTree = "<group>"; };
		26EF7E091BBA95E60017D02E /* Info.plist */ = {isa = PBXFileReference; lastKnownFileType = text.plist.xml; path = Info.plist; sourceTree = "<group>"; };
		26EF7E0E1BBA95E60017D02E /* SimpleChatUITests.xctest */ = {isa = PBXFileReference; explicitFileType = wrapper.cfbundle; includeInIndex = 0; path = SimpleChatUITests.xctest; sourceTree = BUILT_PRODUCTS_DIR; };
		26EF7E121BBA95E60017D02E /* SimpleChatUITests.m */ = {isa = PBXFileReference; lastKnownFileType = sourcecode.c.objc; path = SimpleChatUITests.m; sourceTree = "<group>"; };
		26EF7E141BBA95E60017D02E /* Info.plist */ = {isa = PBXFileReference; lastKnownFileType = text.plist.xml; path = Info.plist; sourceTree = "<group>"; };
		26EF7E221BBA993B0017D02E /* Warnings.xcconfig */ = {isa = PBXFileReference; fileEncoding = 4; lastKnownFileType = text.xcconfig; path = Warnings.xcconfig; sourceTree = "<group>"; };
		26EF7E291BBABA530017D02E /* Parse.framework */ = {isa = PBXFileReference; lastKnownFileType = wrapper.framework; path = Parse.framework; sourceTree = "<group>"; };
		26EF7E2B1BBABA9B0017D02E /* Bolts.framework */ = {isa = PBXFileReference; lastKnownFileType = wrapper.framework; path = Bolts.framework; sourceTree = "<group>"; };
		26EF7E2D1BBABB860017D02E /* AudioToolbox.framework */ = {isa = PBXFileReference; lastKnownFileType = wrapper.framework; name = AudioToolbox.framework; path = System/Library/Frameworks/AudioToolbox.framework; sourceTree = SDKROOT; };
		26EF7E2F1BBABB8E0017D02E /* CFNetwork.framework */ = {isa = PBXFileReference; lastKnownFileType = wrapper.framework; name = CFNetwork.framework; path = System/Library/Frameworks/CFNetwork.framework; sourceTree = SDKROOT; };
		26EF7E311BBABB950017D02E /* CoreGraphics.framework */ = {isa = PBXFileReference; lastKnownFileType = wrapper.framework; name = CoreGraphics.framework; path = System/Library/Frameworks/CoreGraphics.framework; sourceTree = SDKROOT; };
		26EF7E331BBABB9C0017D02E /* CoreLocation.framework */ = {isa = PBXFileReference; lastKnownFileType = wrapper.framework; name = CoreLocation.framework; path = System/Library/Frameworks/CoreLocation.framework; sourceTree = SDKROOT; };
		26EF7E351BBABBA30017D02E /* QuartzCore.framework */ = {isa = PBXFileReference; lastKnownFileType = wrapper.framework; name = QuartzCore.framework; path = System/Library/Frameworks/QuartzCore.framework; sourceTree = SDKROOT; };
		26EF7E371BBABBAA0017D02E /* Security.framework */ = {isa = PBXFileReference; lastKnownFileType = wrapper.framework; name = Security.framework; path = System/Library/Frameworks/Security.framework; sourceTree = SDKROOT; };
		26EF7E391BBABBB20017D02E /* StoreKit.framework */ = {isa = PBXFileReference; lastKnownFileType = wrapper.framework; name = StoreKit.framework; path = System/Library/Frameworks/StoreKit.framework; sourceTree = SDKROOT; };
		26EF7E3B1BBABBB80017D02E /* SystemConfiguration.framework */ = {isa = PBXFileReference; lastKnownFileType = wrapper.framework; name = SystemConfiguration.framework; path = System/Library/Frameworks/SystemConfiguration.framework; sourceTree = SDKROOT; };
		26EF7E3D1BBABBC70017D02E /* libz.tbd */ = {isa = PBXFileReference; lastKnownFileType = "sourcecode.text-based-dylib-definition"; name = libz.tbd; path = usr/lib/libz.tbd; sourceTree = SDKROOT; };
		26EF7E3F1BBABBD30017D02E /* libsqlite3.tbd */ = {isa = PBXFileReference; lastKnownFileType = "sourcecode.text-based-dylib-definition"; name = libsqlite3.tbd; path = usr/lib/libsqlite3.tbd; sourceTree = SDKROOT; };
		26EF7E421BBABC9A0017D02E /* SimpleChatAssembly.h */ = {isa = PBXFileReference; fileEncoding = 4; lastKnownFileType = sourcecode.c.h; path = SimpleChatAssembly.h; sourceTree = "<group>"; };
		26EF7E431BBABC9A0017D02E /* SimpleChatAssembly.m */ = {isa = PBXFileReference; fileEncoding = 4; lastKnownFileType = sourcecode.c.objc; path = SimpleChatAssembly.m; sourceTree = "<group>"; };
		26EF7E471BBABCEA0017D02E /* ChatMessage.h */ = {isa = PBXFileReference; fileEncoding = 4; lastKnownFileType = sourcecode.c.h; path = ChatMessage.h; sourceTree = "<group>"; };
		26EF7E481BBABCEA0017D02E /* ChatMessage.m */ = {isa = PBXFileReference; fileEncoding = 4; lastKnownFileType = sourcecode.c.objc; path = ChatMessage.m; sourceTree = "<group>"; };
		26EF7E4A1BBABDF60017D02E /* Typhoon.framework */ = {isa = PBXFileReference; lastKnownFileType = wrapper.framework; name = Typhoon.framework; path = ../../Carthage/Build/iOS/Typhoon.framework; sourceTree = "<group>"; };
		26EF7E4E1BBABE520017D02E /* Typhoon.framework.dSYM */ = {isa = PBXFileReference; lastKnownFileType = wrapper.dsym; name = Typhoon.framework.dSYM; path = ../../Carthage/Build/iOS/Typhoon.framework.dSYM; sourceTree = "<group>"; };
		26EF7E511BBAC7800017D02E /* ChatTableViewController.h */ = {isa = PBXFileReference; fileEncoding = 4; lastKnownFileType = sourcecode.c.h; path = ChatTableViewController.h; sourceTree = "<group>"; };
		26EF7E521BBAC7800017D02E /* ChatTableViewController.m */ = {isa = PBXFileReference; fileEncoding = 4; lastKnownFileType = sourcecode.c.objc; path = ChatTableViewController.m; sourceTree = "<group>"; };
		26EF7E541BBAC85B0017D02E /* ChatManager.h */ = {isa = PBXFileReference; fileEncoding = 4; lastKnownFileType = sourcecode.c.h; path = ChatManager.h; sourceTree = "<group>"; };
		26EF7E551BBAC85B0017D02E /* ChatManager.m */ = {isa = PBXFileReference; fileEncoding = 4; lastKnownFileType = sourcecode.c.objc; path = ChatManager.m; sourceTree = "<group>"; };
		26EF7E581BBAC8C70017D02E /* ChatTableViewCell.h */ = {isa = PBXFileReference; fileEncoding = 4; lastKnownFileType = sourcecode.c.h; path = ChatTableViewCell.h; sourceTree = "<group>"; };
		26EF7E591BBAC8C70017D02E /* ChatTableViewCell.m */ = {isa = PBXFileReference; fileEncoding = 4; lastKnownFileType = sourcecode.c.objc; path = ChatTableViewCell.m; sourceTree = "<group>"; };
		26EF7E5B1BBAD2840017D02E /* MessageController.h */ = {isa = PBXFileReference; fileEncoding = 4; lastKnownFileType = sourcecode.c.h; path = MessageController.h; sourceTree = "<group>"; };
		26EF7E5C1BBAD2840017D02E /* MessageController.m */ = {isa = PBXFileReference; fileEncoding = 4; lastKnownFileType = sourcecode.c.objc; path = MessageController.m; sourceTree = "<group>"; };
/* End PBXFileReference section */

/* Begin PBXFrameworksBuildPhase section */
		26EF7DE71BBA95E60017D02E /* Frameworks */ = {
			isa = PBXFrameworksBuildPhase;
			buildActionMask = 2147483647;
			files = (
				26EF7E401BBABBD30017D02E /* libsqlite3.tbd in Frameworks */,
				26EF7E3E1BBABBC70017D02E /* libz.tbd in Frameworks */,
				26EF7E3C1BBABBB80017D02E /* SystemConfiguration.framework in Frameworks */,
				26EF7E3A1BBABBB20017D02E /* StoreKit.framework in Frameworks */,
				26EF7E381BBABBAA0017D02E /* Security.framework in Frameworks */,
				26EF7E361BBABBA30017D02E /* QuartzCore.framework in Frameworks */,
				26EF7E341BBABB9C0017D02E /* CoreLocation.framework in Frameworks */,
				26EF7E321BBABB950017D02E /* CoreGraphics.framework in Frameworks */,
				26EF7E301BBABB8E0017D02E /* CFNetwork.framework in Frameworks */,
				26EF7E2E1BBABB860017D02E /* AudioToolbox.framework in Frameworks */,
				26EF7E2A1BBABA530017D02E /* Parse.framework in Frameworks */,
				26EF7E2C1BBABA9B0017D02E /* Bolts.framework in Frameworks */,
				26EF7E4B1BBABDF60017D02E /* Typhoon.framework in Frameworks */,
			);
			runOnlyForDeploymentPostprocessing = 0;
		};
		26EF7E001BBA95E60017D02E /* Frameworks */ = {
			isa = PBXFrameworksBuildPhase;
			buildActionMask = 2147483647;
			files = (
			);
			runOnlyForDeploymentPostprocessing = 0;
		};
		26EF7E0B1BBA95E60017D02E /* Frameworks */ = {
			isa = PBXFrameworksBuildPhase;
			buildActionMask = 2147483647;
			files = (
			);
			runOnlyForDeploymentPostprocessing = 0;
		};
/* End PBXFrameworksBuildPhase section */

/* Begin PBXGroup section */
		2689952D1BBE7C5D005122D1 /* Data sources */ = {
			isa = PBXGroup;
			children = (
				268995311BBE7C9F005122D1 /* RemoteDataSource.h */,
				2689952E1BBE7C6C005122D1 /* ParseDataSource.h */,
				2689952F1BBE7C6C005122D1 /* ParseDataSource.m */,
			);
			path = "Data sources";
			sourceTree = "<group>";
		};
		268995321BBE90D8005122D1 /* Library */ = {
			isa = PBXGroup;
			children = (
				26EF7E411BBABC9A0017D02E /* Assembly */,
				268995331BBE911C005122D1 /* Base classes */,
			);
			path = Library;
			sourceTree = "<group>";
		};
		268995331BBE911C005122D1 /* Base classes */ = {
			isa = PBXGroup;
			children = (
				268995341BBE911C005122D1 /* BaseCollectionViewController.h */,
				268995351BBE911C005122D1 /* BaseCollectionViewController.m */,
				268995361BBE911C005122D1 /* BaseTableViewController.h */,
				268995371BBE911C005122D1 /* BaseTableViewController.m */,
			);
			path = "Base classes";
			sourceTree = "<group>";
		};
		26E9BEBC1BBD2EE3005F1F9B /* Private */ = {
			isa = PBXGroup;
			children = (
				26E9BEBD1BBD2F07005F1F9B /* PrivateData.h */,
			);
			path = Private;
			sourceTree = "<group>";
		};
		26EF7DE11BBA95E60017D02E = {
			isa = PBXGroup;
			children = (
				26EF7DEC1BBA95E60017D02E /* SimpleChat */,
				26EF7E061BBA95E60017D02E /* SimpleChatTests */,
				26EF7E111BBA95E60017D02E /* SimpleChatUITests */,
				26EF7DEB1BBA95E60017D02E /* Products */,
			);
			sourceTree = "<group>";
		};
		26EF7DEB1BBA95E60017D02E /* Products */ = {
			isa = PBXGroup;
			children = (
				26EF7DEA1BBA95E60017D02E /* SimpleChat.app */,
				26EF7E031BBA95E60017D02E /* SimpleChatTests.xctest */,
				26EF7E0E1BBA95E60017D02E /* SimpleChatUITests.xctest */,
			);
			name = Products;
			sourceTree = "<group>";
		};
		26EF7DEC1BBA95E60017D02E /* SimpleChat */ = {
			isa = PBXGroup;
			children = (
				26EF7E571BBAC8B20017D02E /* Views */,
				26EF7E501BBAC7650017D02E /* Controllers */,
				26EF7E451BBABCAA0017D02E /* Models */,
				268995321BBE90D8005122D1 /* Library */,
				26EF7E201BBA96100017D02E /* Application */,
				26EF7E211BBA96100017D02E /* Resources */,
				26EF7E281BBABA490017D02E /* Frameworks */,
				26E9BEBC1BBD2EE3005F1F9B /* Private */,
			);
			path = SimpleChat;
			sourceTree = "<group>";
		};
		26EF7E061BBA95E60017D02E /* SimpleChatTests */ = {
			isa = PBXGroup;
			children = (
				26EF7E071BBA95E60017D02E /* SimpleChatTests.m */,
				26EF7E091BBA95E60017D02E /* Info.plist */,
			);
			path = SimpleChatTests;
			sourceTree = "<group>";
		};
		26EF7E111BBA95E60017D02E /* SimpleChatUITests */ = {
			isa = PBXGroup;
			children = (
				26EF7E121BBA95E60017D02E /* SimpleChatUITests.m */,
				26EF7E141BBA95E60017D02E /* Info.plist */,
			);
			path = SimpleChatUITests;
			sourceTree = "<group>";
		};
		26EF7E201BBA96100017D02E /* Application */ = {
			isa = PBXGroup;
			children = (
				26EF7DF01BBA95E60017D02E /* AppDelegate.h */,
				26EF7DF11BBA95E60017D02E /* AppDelegate.m */,
				26EF7DFE1BBA95E60017D02E /* Info.plist */,
				26EF7DEE1BBA95E60017D02E /* main.m */,
				26EF7E221BBA993B0017D02E /* Warnings.xcconfig */,
			);
			path = Application;
			sourceTree = "<group>";
		};
		26EF7E211BBA96100017D02E /* Resources */ = {
			isa = PBXGroup;
			children = (
				26EF7DF61BBA95E60017D02E /* Main.storyboard */,
				26EF7DF91BBA95E60017D02E /* Assets.xcassets */,
				26EF7DFB1BBA95E60017D02E /* LaunchScreen.storyboard */,
			);
			path = Resources;
			sourceTree = "<group>";
		};
		26EF7E281BBABA490017D02E /* Frameworks */ = {
			isa = PBXGroup;
			children = (
				26EF7E3F1BBABBD30017D02E /* libsqlite3.tbd */,
				26EF7E3D1BBABBC70017D02E /* libz.tbd */,
				26EF7E3B1BBABBB80017D02E /* SystemConfiguration.framework */,
				26EF7E391BBABBB20017D02E /* StoreKit.framework */,
				26EF7E371BBABBAA0017D02E /* Security.framework */,
				26EF7E351BBABBA30017D02E /* QuartzCore.framework */,
				26EF7E331BBABB9C0017D02E /* CoreLocation.framework */,
				26EF7E311BBABB950017D02E /* CoreGraphics.framework */,
				26EF7E2F1BBABB8E0017D02E /* CFNetwork.framework */,
				26EF7E2D1BBABB860017D02E /* AudioToolbox.framework */,
				26EF7E2B1BBABA9B0017D02E /* Bolts.framework */,
				26EF7E291BBABA530017D02E /* Parse.framework */,
				26EF7E4A1BBABDF60017D02E /* Typhoon.framework */,
				26EF7E4E1BBABE520017D02E /* Typhoon.framework.dSYM */,
			);
			path = Frameworks;
			sourceTree = "<group>";
		};
		26EF7E411BBABC9A0017D02E /* Assembly */ = {
			isa = PBXGroup;
			children = (
				26EF7E421BBABC9A0017D02E /* SimpleChatAssembly.h */,
				26EF7E431BBABC9A0017D02E /* SimpleChatAssembly.m */,
			);
			path = Assembly;
			sourceTree = "<group>";
		};
		26EF7E451BBABCAA0017D02E /* Models */ = {
			isa = PBXGroup;
			children = (
				2689952D1BBE7C5D005122D1 /* Data sources */,
				26EF7E461BBABCAA0017D02E /* Objects */,
				26EF7E541BBAC85B0017D02E /* ChatManager.h */,
				26EF7E551BBAC85B0017D02E /* ChatManager.m */,
			);
			path = Models;
			sourceTree = "<group>";
		};
		26EF7E461BBABCAA0017D02E /* Objects */ = {
			isa = PBXGroup;
			children = (
				26EF7E471BBABCEA0017D02E /* ChatMessage.h */,
				26EF7E481BBABCEA0017D02E /* ChatMessage.m */,
			);
			path = Objects;
			sourceTree = "<group>";
		};
		26EF7E501BBAC7650017D02E /* Controllers */ = {
			isa = PBXGroup;
			children = (
				26EF7E511BBAC7800017D02E /* ChatTableViewController.h */,
				26EF7E521BBAC7800017D02E /* ChatTableViewController.m */,
				26EF7E5B1BBAD2840017D02E /* MessageController.h */,
				26EF7E5C1BBAD2840017D02E /* MessageController.m */,
			);
			path = Controllers;
			sourceTree = "<group>";
		};
		26EF7E571BBAC8B20017D02E /* Views */ = {
			isa = PBXGroup;
			children = (
				26EF7E581BBAC8C70017D02E /* ChatTableViewCell.h */,
				26EF7E591BBAC8C70017D02E /* ChatTableViewCell.m */,
			);
			path = Views;
			sourceTree = "<group>";
		};
/* End PBXGroup section */

/* Begin PBXNativeTarget section */
		26EF7DE91BBA95E60017D02E /* SimpleChat */ = {
			isa = PBXNativeTarget;
			buildConfigurationList = 26EF7E171BBA95E60017D02E /* Build configuration list for PBXNativeTarget "SimpleChat" */;
			buildPhases = (
				26EF7DE61BBA95E60017D02E /* Sources */,
				26EF7DE71BBA95E60017D02E /* Frameworks */,
				26EF7DE81BBA95E60017D02E /* Resources */,
				26EF7E4C1BBABE090017D02E /* ShellScript */,
				26EF7E4D1BBABE350017D02E /* CopyFiles */,
			);
			buildRules = (
			);
			dependencies = (
			);
			name = SimpleChat;
			productName = SimpleChat;
			productReference = 26EF7DEA1BBA95E60017D02E /* SimpleChat.app */;
			productType = "com.apple.product-type.application";
		};
		26EF7E021BBA95E60017D02E /* SimpleChatTests */ = {
			isa = PBXNativeTarget;
			buildConfigurationList = 26EF7E1A1BBA95E60017D02E /* Build configuration list for PBXNativeTarget "SimpleChatTests" */;
			buildPhases = (
				26EF7DFF1BBA95E60017D02E /* Sources */,
				26EF7E001BBA95E60017D02E /* Frameworks */,
				26EF7E011BBA95E60017D02E /* Resources */,
			);
			buildRules = (
			);
			dependencies = (
				26EF7E051BBA95E60017D02E /* PBXTargetDependency */,
			);
			name = SimpleChatTests;
			productName = SimpleChatTests;
			productReference = 26EF7E031BBA95E60017D02E /* SimpleChatTests.xctest */;
			productType = "com.apple.product-type.bundle.unit-test";
		};
		26EF7E0D1BBA95E60017D02E /* SimpleChatUITests */ = {
			isa = PBXNativeTarget;
			buildConfigurationList = 26EF7E1D1BBA95E60017D02E /* Build configuration list for PBXNativeTarget "SimpleChatUITests" */;
			buildPhases = (
				26EF7E0A1BBA95E60017D02E /* Sources */,
				26EF7E0B1BBA95E60017D02E /* Frameworks */,
				26EF7E0C1BBA95E60017D02E /* Resources */,
			);
			buildRules = (
			);
			dependencies = (
				26EF7E101BBA95E60017D02E /* PBXTargetDependency */,
			);
			name = SimpleChatUITests;
			productName = SimpleChatUITests;
			productReference = 26EF7E0E1BBA95E60017D02E /* SimpleChatUITests.xctest */;
			productType = "com.apple.product-type.bundle.ui-testing";
		};
/* End PBXNativeTarget section */

/* Begin PBXProject section */
		26EF7DE21BBA95E60017D02E /* Project object */ = {
			isa = PBXProject;
			attributes = {
				LastUpgradeCheck = 0700;
				ORGANIZATIONNAME = "Akademon Ltd.";
				TargetAttributes = {
					26EF7DE91BBA95E60017D02E = {
						CreatedOnToolsVersion = 7.0.1;
						DevelopmentTeam = Y24464MUL3;
					};
					26EF7E021BBA95E60017D02E = {
						CreatedOnToolsVersion = 7.0.1;
						TestTargetID = 26EF7DE91BBA95E60017D02E;
					};
					26EF7E0D1BBA95E60017D02E = {
						CreatedOnToolsVersion = 7.0.1;
						TestTargetID = 26EF7DE91BBA95E60017D02E;
					};
				};
			};
			buildConfigurationList = 26EF7DE51BBA95E60017D02E /* Build configuration list for PBXProject "SimpleChat" */;
			compatibilityVersion = "Xcode 3.2";
			developmentRegion = English;
			hasScannedForEncodings = 0;
			knownRegions = (
				en,
				Base,
			);
			mainGroup = 26EF7DE11BBA95E60017D02E;
			productRefGroup = 26EF7DEB1BBA95E60017D02E /* Products */;
			projectDirPath = "";
			projectRoot = "";
			targets = (
				26EF7DE91BBA95E60017D02E /* SimpleChat */,
				26EF7E021BBA95E60017D02E /* SimpleChatTests */,
				26EF7E0D1BBA95E60017D02E /* SimpleChatUITests */,
			);
		};
/* End PBXProject section */

/* Begin PBXResourcesBuildPhase section */
		26EF7DE81BBA95E60017D02E /* Resources */ = {
			isa = PBXResourcesBuildPhase;
			buildActionMask = 2147483647;
			files = (
				26EF7DFD1BBA95E60017D02E /* LaunchScreen.storyboard in Resources */,
				26EF7E231BBA993B0017D02E /* Warnings.xcconfig in Resources */,
				26EF7DFA1BBA95E60017D02E /* Assets.xcassets in Resources */,
				26EF7DF81BBA95E60017D02E /* Main.storyboard in Resources */,
			);
			runOnlyForDeploymentPostprocessing = 0;
		};
		26EF7E011BBA95E60017D02E /* Resources */ = {
			isa = PBXResourcesBuildPhase;
			buildActionMask = 2147483647;
			files = (
			);
			runOnlyForDeploymentPostprocessing = 0;
		};
		26EF7E0C1BBA95E60017D02E /* Resources */ = {
			isa = PBXResourcesBuildPhase;
			buildActionMask = 2147483647;
			files = (
			);
			runOnlyForDeploymentPostprocessing = 0;
		};
/* End PBXResourcesBuildPhase section */

/* Begin PBXShellScriptBuildPhase section */
		26EF7E4C1BBABE090017D02E /* ShellScript */ = {
			isa = PBXShellScriptBuildPhase;
			buildActionMask = 2147483647;
			files = (
			);
			inputPaths = (
				"$(SRCROOT)/Carthage/Build/iOS/Typhoon.framework",
			);
			outputPaths = (
			);
			runOnlyForDeploymentPostprocessing = 0;
			shellPath = /bin/sh;
			shellScript = "/usr/local/bin/carthage copy-frameworks";
		};
/* End PBXShellScriptBuildPhase section */

/* Begin PBXSourcesBuildPhase section */
		26EF7DE61BBA95E60017D02E /* Sources */ = {
			isa = PBXSourcesBuildPhase;
			buildActionMask = 2147483647;
			files = (
				26EF7DF21BBA95E60017D02E /* AppDelegate.m in Sources */,
				26EF7E531BBAC7800017D02E /* ChatTableViewController.m in Sources */,
				26EF7E491BBABCEA0017D02E /* ChatMessage.m in Sources */,
				268995381BBE911C005122D1 /* BaseCollectionViewController.m in Sources */,
				26EF7E5A1BBAC8C70017D02E /* ChatTableViewCell.m in Sources */,
				26EF7DEF1BBA95E60017D02E /* main.m in Sources */,
				268995391BBE911C005122D1 /* BaseTableViewController.m in Sources */,
				26EF7E441BBABC9A0017D02E /* SimpleChatAssembly.m in Sources */,
				268995301BBE7C6C005122D1 /* ParseDataSource.m in Sources */,
				26EF7E561BBAC85B0017D02E /* ChatManager.m in Sources */,
				26EF7E5D1BBAD2840017D02E /* MessageController.m in Sources */,
			);
			runOnlyForDeploymentPostprocessing = 0;
		};
		26EF7DFF1BBA95E60017D02E /* Sources */ = {
			isa = PBXSourcesBuildPhase;
			buildActionMask = 2147483647;
			files = (
				26EF7E081BBA95E60017D02E /* SimpleChatTests.m in Sources */,
			);
			runOnlyForDeploymentPostprocessing = 0;
		};
		26EF7E0A1BBA95E60017D02E /* Sources */ = {
			isa = PBXSourcesBuildPhase;
			buildActionMask = 2147483647;
			files = (
				26EF7E131BBA95E60017D02E /* SimpleChatUITests.m in Sources */,
			);
			runOnlyForDeploymentPostprocessing = 0;
		};
/* End PBXSourcesBuildPhase section */

/* Begin PBXTargetDependency section */
		26EF7E051BBA95E60017D02E /* PBXTargetDependency */ = {
			isa = PBXTargetDependency;
			target = 26EF7DE91BBA95E60017D02E /* SimpleChat */;
			targetProxy = 26EF7E041BBA95E60017D02E /* PBXContainerItemProxy */;
		};
		26EF7E101BBA95E60017D02E /* PBXTargetDependency */ = {
			isa = PBXTargetDependency;
			target = 26EF7DE91BBA95E60017D02E /* SimpleChat */;
			targetProxy = 26EF7E0F1BBA95E60017D02E /* PBXContainerItemProxy */;
		};
/* End PBXTargetDependency section */

/* Begin PBXVariantGroup section */
		26EF7DF61BBA95E60017D02E /* Main.storyboard */ = {
			isa = PBXVariantGroup;
			children = (
				26EF7DF71BBA95E60017D02E /* Base */,
			);
			name = Main.storyboard;
			path = SimpleChat/Resources;
			sourceTree = SOURCE_ROOT;
		};
		26EF7DFB1BBA95E60017D02E /* LaunchScreen.storyboard */ = {
			isa = PBXVariantGroup;
			children = (
				26EF7DFC1BBA95E60017D02E /* Base */,
			);
			name = LaunchScreen.storyboard;
			path = SimpleChat/Resources;
			sourceTree = SOURCE_ROOT;
		};
/* End PBXVariantGroup section */

/* Begin XCBuildConfiguration section */
		26EF7E151BBA95E60017D02E /* Debug */ = {
			isa = XCBuildConfiguration;
			buildSettings = {
				ALWAYS_SEARCH_USER_PATHS = NO;
				CLANG_CXX_LANGUAGE_STANDARD = "gnu++0x";
				CLANG_CXX_LIBRARY = "libc++";
				CLANG_ENABLE_MODULES = YES;
				CLANG_ENABLE_OBJC_ARC = YES;
				CLANG_WARN_BOOL_CONVERSION = YES;
				CLANG_WARN_CONSTANT_CONVERSION = YES;
				CLANG_WARN_DIRECT_OBJC_ISA_USAGE = YES_ERROR;
				CLANG_WARN_EMPTY_BODY = YES;
				CLANG_WARN_ENUM_CONVERSION = YES;
				CLANG_WARN_INT_CONVERSION = YES;
				CLANG_WARN_OBJC_ROOT_CLASS = YES_ERROR;
				CLANG_WARN_UNREACHABLE_CODE = YES;
				CLANG_WARN__DUPLICATE_METHOD_MATCH = YES;
				"CODE_SIGN_IDENTITY[sdk=iphoneos*]" = "iPhone Developer";
				COPY_PHASE_STRIP = NO;
				DEBUG_INFORMATION_FORMAT = dwarf;
				ENABLE_STRICT_OBJC_MSGSEND = YES;
				ENABLE_TESTABILITY = YES;
				GCC_C_LANGUAGE_STANDARD = gnu99;
				GCC_DYNAMIC_NO_PIC = NO;
				GCC_NO_COMMON_BLOCKS = YES;
				GCC_OPTIMIZATION_LEVEL = 0;
				GCC_PREPROCESSOR_DEFINITIONS = (
					"DEBUG=1",
					"$(inherited)",
				);
				GCC_WARN_64_TO_32_BIT_CONVERSION = YES;
				GCC_WARN_ABOUT_RETURN_TYPE = YES_ERROR;
				GCC_WARN_UNDECLARED_SELECTOR = YES;
				GCC_WARN_UNINITIALIZED_AUTOS = YES_AGGRESSIVE;
				GCC_WARN_UNUSED_FUNCTION = YES;
				GCC_WARN_UNUSED_VARIABLE = YES;
				IPHONEOS_DEPLOYMENT_TARGET = 8.0;
				MTL_ENABLE_DEBUG_INFO = YES;
				ONLY_ACTIVE_ARCH = YES;
				SDKROOT = iphoneos;
				TARGETED_DEVICE_FAMILY = "1,2";
			};
			name = Debug;
		};
		26EF7E161BBA95E60017D02E /* Release */ = {
			isa = XCBuildConfiguration;
			buildSettings = {
				ALWAYS_SEARCH_USER_PATHS = NO;
				CLANG_CXX_LANGUAGE_STANDARD = "gnu++0x";
				CLANG_CXX_LIBRARY = "libc++";
				CLANG_ENABLE_MODULES = YES;
				CLANG_ENABLE_OBJC_ARC = YES;
				CLANG_WARN_BOOL_CONVERSION = YES;
				CLANG_WARN_CONSTANT_CONVERSION = YES;
				CLANG_WARN_DIRECT_OBJC_ISA_USAGE = YES_ERROR;
				CLANG_WARN_EMPTY_BODY = YES;
				CLANG_WARN_ENUM_CONVERSION = YES;
				CLANG_WARN_INT_CONVERSION = YES;
				CLANG_WARN_OBJC_ROOT_CLASS = YES_ERROR;
				CLANG_WARN_UNREACHABLE_CODE = YES;
				CLANG_WARN__DUPLICATE_METHOD_MATCH = YES;
				"CODE_SIGN_IDENTITY[sdk=iphoneos*]" = "iPhone Developer";
				COPY_PHASE_STRIP = NO;
				DEBUG_INFORMATION_FORMAT = "dwarf-with-dsym";
				ENABLE_NS_ASSERTIONS = NO;
				ENABLE_STRICT_OBJC_MSGSEND = YES;
				GCC_C_LANGUAGE_STANDARD = gnu99;
				GCC_NO_COMMON_BLOCKS = YES;
				GCC_WARN_64_TO_32_BIT_CONVERSION = YES;
				GCC_WARN_ABOUT_RETURN_TYPE = YES_ERROR;
				GCC_WARN_UNDECLARED_SELECTOR = YES;
				GCC_WARN_UNINITIALIZED_AUTOS = YES_AGGRESSIVE;
				GCC_WARN_UNUSED_FUNCTION = YES;
				GCC_WARN_UNUSED_VARIABLE = YES;
				IPHONEOS_DEPLOYMENT_TARGET = 8.0;
				MTL_ENABLE_DEBUG_INFO = NO;
				SDKROOT = iphoneos;
				TARGETED_DEVICE_FAMILY = "1,2";
				VALIDATE_PRODUCT = YES;
			};
			name = Release;
		};
		26EF7E181BBA95E60017D02E /* Debug */ = {
			isa = XCBuildConfiguration;
			buildSettings = {
				ASSETCATALOG_COMPILER_APPICON_NAME = AppIcon;
				CODE_SIGN_IDENTITY = "iPhone Developer";
				FRAMEWORK_SEARCH_PATHS = (
					"$(inherited)",
					"$(PROJECT_DIR)/SimpleChat/Frameworks",
					"$(PROJECT_DIR)/Carthage/Build/iOS",
				);
				INFOPLIST_FILE = SimpleChat/Application/Info.plist;
				LD_RUNPATH_SEARCH_PATHS = "$(inherited) @executable_path/Frameworks";
				PRODUCT_BUNDLE_IDENTIFIER = ru.akademon.SimpleChat;
				PRODUCT_NAME = "$(TARGET_NAME)";
			};
			name = Debug;
		};
		26EF7E191BBA95E60017D02E /* Release */ = {
			isa = XCBuildConfiguration;
			buildSettings = {
				ASSETCATALOG_COMPILER_APPICON_NAME = AppIcon;
				CODE_SIGN_IDENTITY = "iPhone Developer";
				FRAMEWORK_SEARCH_PATHS = (
					"$(inherited)",
					"$(PROJECT_DIR)/SimpleChat/Frameworks",
					"$(PROJECT_DIR)/Carthage/Build/iOS",
				);
				INFOPLIST_FILE = SimpleChat/Application/Info.plist;
				LD_RUNPATH_SEARCH_PATHS = "$(inherited) @executable_path/Frameworks";
				PRODUCT_BUNDLE_IDENTIFIER = ru.akademon.SimpleChat;
				PRODUCT_NAME = "$(TARGET_NAME)";
			};
			name = Release;
		};
		26EF7E1B1BBA95E60017D02E /* Debug */ = {
			isa = XCBuildConfiguration;
			buildSettings = {
				BUNDLE_LOADER = "$(TEST_HOST)";
				INFOPLIST_FILE = SimpleChatTests/Info.plist;
				LD_RUNPATH_SEARCH_PATHS = "$(inherited) @executable_path/Frameworks @loader_path/Frameworks";
				PRODUCT_BUNDLE_IDENTIFIER = ru.akademon.SimpleChatTests;
				PRODUCT_NAME = "$(TARGET_NAME)";
				TEST_HOST = "$(BUILT_PRODUCTS_DIR)/SimpleChat.app/SimpleChat";
			};
			name = Debug;
		};
		26EF7E1C1BBA95E60017D02E /* Release */ = {
			isa = XCBuildConfiguration;
			buildSettings = {
				BUNDLE_LOADER = "$(TEST_HOST)";
				INFOPLIST_FILE = SimpleChatTests/Info.plist;
				LD_RUNPATH_SEARCH_PATHS = "$(inherited) @executable_path/Frameworks @loader_path/Frameworks";
				PRODUCT_BUNDLE_IDENTIFIER = ru.akademon.SimpleChatTests;
				PRODUCT_NAME = "$(TARGET_NAME)";
				TEST_HOST = "$(BUILT_PRODUCTS_DIR)/SimpleChat.app/SimpleChat";
			};
			name = Release;
		};
		26EF7E1E1BBA95E60017D02E /* Debug */ = {
			isa = XCBuildConfiguration;
			buildSettings = {
				INFOPLIST_FILE = SimpleChatUITests/Info.plist;
				LD_RUNPATH_SEARCH_PATHS = "$(inherited) @executable_path/Frameworks @loader_path/Frameworks";
				PRODUCT_BUNDLE_IDENTIFIER = ru.akademon.SimpleChatUITests;
				PRODUCT_NAME = "$(TARGET_NAME)";
				TEST_TARGET_NAME = SimpleChat;
				USES_XCTRUNNER = YES;
			};
			name = Debug;
		};
		26EF7E1F1BBA95E60017D02E /* Release */ = {
			isa = XCBuildConfiguration;
			buildSettings = {
				INFOPLIST_FILE = SimpleChatUITests/Info.plist;
				LD_RUNPATH_SEARCH_PATHS = "$(inherited) @executable_path/Frameworks @loader_path/Frameworks";
				PRODUCT_BUNDLE_IDENTIFIER = ru.akademon.SimpleChatUITests;
				PRODUCT_NAME = "$(TARGET_NAME)";
				TEST_TARGET_NAME = SimpleChat;
				USES_XCTRUNNER = YES;
			};
			name = Release;
		};
/* End XCBuildConfiguration section */

/* Begin XCConfigurationList section */
		26EF7DE51BBA95E60017D02E /* Build configuration list for PBXProject "SimpleChat" */ = {
			isa = XCConfigurationList;
			buildConfigurations = (
				26EF7E151BBA95E60017D02E /* Debug */,
				26EF7E161BBA95E60017D02E /* Release */,
			);
			defaultConfigurationIsVisible = 0;
			defaultConfigurationName = Release;
		};
		26EF7E171BBA95E60017D02E /* Build configuration list for PBXNativeTarget "SimpleChat" */ = {
			isa = XCConfigurationList;
			buildConfigurations = (
				26EF7E181BBA95E60017D02E /* Debug */,
				26EF7E191BBA95E60017D02E /* Release */,
			);
			defaultConfigurationIsVisible = 0;
			defaultConfigurationName = Release;
		};
		26EF7E1A1BBA95E60017D02E /* Build configuration list for PBXNativeTarget "SimpleChatTests" */ = {
			isa = XCConfigurationList;
			buildConfigurations = (
				26EF7E1B1BBA95E60017D02E /* Debug */,
				26EF7E1C1BBA95E60017D02E /* Release */,
			);
			defaultConfigurationIsVisible = 0;
			defaultConfigurationName = Release;
		};
		26EF7E1D1BBA95E60017D02E /* Build configuration list for PBXNativeTarget "SimpleChatUITests" */ = {
			isa = XCConfigurationList;
			buildConfigurations = (
				26EF7E1E1BBA95E60017D02E /* Debug */,
				26EF7E1F1BBA95E60017D02E /* Release */,
			);
			defaultConfigurationIsVisible = 0;
			defaultConfigurationName = Release;
		};
/* End XCConfigurationList section */
	};
	rootObject = 26EF7DE21BBA95E60017D02E /* Project object */;
}
